
Microsoft Visual Studio Solution File, Format Version 12.00
# Blend for Visual Studio 14
VisualStudioVersion = 14.0.25123.0
MinimumVisualStudioVersion = 10.0.40219.1
Project("{FAE04EC0-301F-11D3-BF4B-00C04F79EFBC}") = "Demo", "Demo\Demo.csproj", "{B60CFA26-30A5-4418-A94F-03FC82BD1E63}"
EndProject
Global
	GlobalSection(SolutionConfigurationPlatforms) = preSolution
		Debug|Any CPU = Debug|Any CPU
		Release|Any CPU = Release|Any CPU
	EndGlobalSection
	GlobalSection(ProjectConfigurationPlatforms) = postSolution
		{B60CFA26-30A5-4418-A94F-03FC82BD1E63}.Debug|Any CPU.ActiveCfg = Debug|Any CPU
		{B60CFA26-30A5-4418-A94F-03FC82BD1E63}.Debug|Any CPU.Build.0 = Debug|Any CPU
		{B60CFA26-30A5-4418-A94F-03FC82BD1E63}.Release|Any CPU.ActiveCfg = Release|Any CPU
		{B60CFA26-30A5-4418-A94F-03FC82BD1E63}.Release|Any CPU.Build.0 = Release|Any CPU
	EndGlobalSection
	GlobalSection(SolutionProperties) = preSolution
		HideSolutionNode = FALSE
	EndGlobalSection
EndGlobal
